Microsoft Visual Studio Solution File, Format Version 12.00
# Visual Studio Version 17
VisualStudioVersion = 17.5.2.0
MinimumVisualStudioVersion = 10.0.40219.1
Project("{FAE04EC0-301F-11D3-BF4B-00C04F79EFBC}") = "api-conformidade-facil", "api-conformidade-facil.csproj", "{8C7CC239-4CDD-0F02-1A56-6E37A65822F1}"
EndProject
Global
	GlobalSection(SolutionConfigurationPlatforms) = preSolution
		Debug|Any CPU = Debug|Any CPU
		Release|Any CPU = Release|Any CPU
	EndGlobalSection
	GlobalSection(ProjectConfigurationPlatforms) = postSolution
		{8C7CC239-4CDD-0F02-1A56-6E37A65822F1}.Debug|Any CPU.ActiveCfg = Debug|Any CPU
		{8C7CC239-4CDD-0F02-1A56-6E37A65822F1}.Debug|Any CPU.Build.0 = Debug|Any CPU
		{8C7CC239-4CDD-0F02-1A56-6E37A65822F1}.Release|Any CPU.ActiveCfg = Release|Any CPU
		{8C7CC239-4CDD-0F02-1A56-6E37A65822F1}.Release|Any CPU.Build.0 = Release|Any CPU
	EndGlobalSection
	GlobalSection(SolutionProperties) = preSolution
		HideSolutionNode = FALSE
	EndGlobalSection
	GlobalSection(ExtensibilityGlobals) = postSolution
		SolutionGuid = {336A09E9-2783-47A8-96AB-B8D0FA5A38D6}
	EndGlobalSection
EndGlobal
